
PODS:
- SocketRocket (0.2.0)
- libPusher (1.3):
  - SocketRocket (from `git://github.com/square/SocketRocket', commit `ec6c145f4a')

DEPENDENCIES:
- libPusher (from `https://github.com/lukeredpath/libPusher.git', commit `e262c4bb90dd86f5e56705df105d658e6c38e866')

EXTERNAL SOURCES:
  libPusher:
    :git: https://github.com/lukeredpath/libPusher.git
    :commit: e262c4bb90dd86f5e56705df105d658e6c38e866

SPEC CHECKSUMS:
  SocketRocket: a0529878e3c4c200196fa3a7e2ac1ef34aa33ffe
  libPusher: aec1c9cd13b15165c30175aff4fb695e5d479bca

COCOAPODS: 0.14.0
