// !$*UTF8*$!
{
	archiveVersion = 1;
	classes = {
	};
	objectVersion = 46;
	objects = {

/* Begin PBXBuildFile section */
		AE1B4913163DC0DD00AB5AFE /* UIKit.framework in Frameworks */ = {isa = PBXBuildFile; fileRef = AE1B4912163DC0DD00AB5AFE /* UIKit.framework */; };
		AE1B4915163DC0DD00AB5AFE /* Foundation.framework in Frameworks */ = {isa = PBXBuildFile; fileRef = AE1B4914163DC0DD00AB5AFE /* Foundation.framework */; };
		AE1B4917163DC0DD00AB5AFE /* CoreGraphics.framework in Frameworks */ = {isa = PBXBuildFile; fileRef = AE1B4916163DC0DD00AB5AFE /* CoreGraphics.framework */; };
		AE1B4919163DC0DD00AB5AFE /* GLKit.framework in Frameworks */ = {isa = PBXBuildFile; fileRef = AE1B4918163DC0DD00AB5AFE /* GLKit.framework */; };
		AE1B491B163DC0DD00AB5AFE /* OpenGLES.framework in Frameworks */ = {isa = PBXBuildFile; fileRef = AE1B491A163DC0DD00AB5AFE /* OpenGLES.framework */; };
		AE1B4921163DC0DD00AB5AFE /* InfoPlist.strings in Resources */ = {isa = PBXBuildFile; fileRef = AE1B491F163DC0DD00AB5AFE /* InfoPlist.strings */; };
		AE1B4923163DC0DD00AB5AFE /* main.m in Sources */ = {isa = PBXBuildFile; fileRef = AE1B4922163DC0DD00AB5AFE /* main.m */; };
		AE1B4927163DC0DD00AB5AFE /* LDAppDelegate.m in Sources */ = {isa = PBXBuildFile; fileRef = AE1B4926163DC0DD00AB5AFE /* LDAppDelegate.m */; };
		AE1B4929163DC0DD00AB5AFE /* Default.png in Resources */ = {isa = PBXBuildFile; fileRef = AE1B4928163DC0DD00AB5AFE /* Default.png */; };
		AE1B492B163DC0DD00AB5AFE /* Default@2x.png in Resources */ = {isa = PBXBuildFile; fileRef = AE1B492A163DC0DD00AB5AFE /* Default@2x.png */; };
		AE1B492D163DC0DD00AB5AFE /* Default-568h@2x.png in Resources */ = {isa = PBXBuildFile; fileRef = AE1B492C163DC0DD00AB5AFE /* Default-568h@2x.png */; };
		AE1B4930163DC0DD00AB5AFE /* MainStoryboard_iPhone.storyboard in Resources */ = {isa = PBXBuildFile; fileRef = AE1B492E163DC0DD00AB5AFE /* MainStoryboard_iPhone.storyboard */; };
		AE1B4933163DC0DD00AB5AFE /* MainStoryboard_iPad.storyboard in Resources */ = {isa = PBXBuildFile; fileRef = AE1B4931163DC0DD00AB5AFE /* MainStoryboard_iPad.storyboard */; };
		AE1B4935163DC0DD00AB5AFE /* Shader.fsh in Resources */ = {isa = PBXBuildFile; fileRef = AE1B4934163DC0DD00AB5AFE /* Shader.fsh */; };
		AE1B4937163DC0DD00AB5AFE /* Shader.vsh in Resources */ = {isa = PBXBuildFile; fileRef = AE1B4936163DC0DD00AB5AFE /* Shader.vsh */; };
		AE1B493A163DC0DD00AB5AFE /* LDViewController.m in Sources */ = {isa = PBXBuildFile; fileRef = AE1B4939163DC0DD00AB5AFE /* LDViewController.m */; };
		AE1B4942163DC0DD00AB5AFE /* SenTestingKit.framework in Frameworks */ = {isa = PBXBuildFile; fileRef = AE1B4941163DC0DD00AB5AFE /* SenTestingKit.framework */; };
		AE1B4943163DC0DD00AB5AFE /* UIKit.framework in Frameworks */ = {isa = PBXBuildFile; fileRef = AE1B4912163DC0DD00AB5AFE /* UIKit.framework */; };
		AE1B4944163DC0DD00AB5AFE /* Foundation.framework in Frameworks */ = {isa = PBXBuildFile; fileRef = AE1B4914163DC0DD00AB5AFE /* Foundation.framework */; };
		AE1B494C163DC0DD00AB5AFE /* InfoPlist.strings in Resources */ = {isa = PBXBuildFile; fileRef = AE1B494A163DC0DD00AB5AFE /* InfoPlist.strings */; };
		AE1B494F163DC0DD00AB5AFE /* LiveDrawTests.m in Sources */ = {isa = PBXBuildFile; fileRef = AE1B494E163DC0DD00AB5AFE /* LiveDrawTests.m */; };
		E8EDE3503C774F75B5667530 /* libPods.a in Frameworks */ = {isa = PBXBuildFile; fileRef = 98AAF073F67B493A8E895F85 /* libPods.a */; };
/* End PBXBuildFile section */

/* Begin PBXContainerItemProxy section */
		AE1B4945163DC0DD00AB5AFE /* PBXContainerItemProxy */ = {
			isa = PBXContainerItemProxy;
			containerPortal = AE1B4905163DC0DD00AB5AFE /* Project object */;
			proxyType = 1;
			remoteGlobalIDString = AE1B490D163DC0DD00AB5AFE;
			remoteInfo = LiveDraw;
		};
/* End PBXContainerItemProxy section */

/* Begin PBXFileReference section */
		98AAF073F67B493A8E895F85 /* libPods.a */ = {isa = PBXFileReference; explicitFileType = archive.ar; includeInIndex = 0; name = libPods.a; path = libPods.a; sourceTree = BUILT_PRODUCTS_DIR; };
		AE1B490E163DC0DD00AB5AFE /* LiveDraw.app */ = {isa = PBXFileReference; explicitFileType = wrapper.application; includeInIndex = 0; name = LiveDraw.app; path = LiveDraw.app; sourceTree = BUILT_PRODUCTS_DIR; };
		AE1B4912163DC0DD00AB5AFE /* UIKit.framework */ = {isa = PBXFileReference; includeInIndex = 1; lastKnownFileType = wrapper.framework; name = UIKit.framework; path = System/Library/Frameworks/UIKit.framework; sourceTree = SDKROOT; };
		AE1B4914163DC0DD00AB5AFE /* Foundation.framework */ = {isa = PBXFileReference; includeInIndex = 1; lastKnownFileType = wrapper.framework; name = Foundation.framework; path = System/Library/Frameworks/Foundation.framework; sourceTree = SDKROOT; };
		AE1B4916163DC0DD00AB5AFE /* CoreGraphics.framework */ = {isa = PBXFileReference; includeInIndex = 1; lastKnownFileType = wrapper.framework; name = CoreGraphics.framework; path = System/Library/Frameworks/CoreGraphics.framework; sourceTree = SDKROOT; };
		AE1B4918163DC0DD00AB5AFE /* GLKit.framework */ = {isa = PBXFileReference; includeInIndex = 1; lastKnownFileType = wrapper.framework; name = GLKit.framework; path = System/Library/Frameworks/GLKit.framework; sourceTree = SDKROOT; };
		AE1B491A163DC0DD00AB5AFE /* OpenGLES.framework */ = {isa = PBXFileReference; includeInIndex = 1; lastKnownFileType = wrapper.framework; name = OpenGLES.framework; path = System/Library/Frameworks/OpenGLES.framework; sourceTree = SDKROOT; };
		AE1B491E163DC0DD00AB5AFE /* LiveDraw-Info.plist */ = {isa = PBXFileReference; lastKnownFileType = text.plist.xml; path = "LiveDraw-Info.plist"; sourceTree = "<group>"; };
		AE1B4920163DC0DD00AB5AFE /* en */ = {isa = PBXFileReference; lastKnownFileType = text.plist.strings; name = en; path = en.lproj/InfoPlist.strings; sourceTree = "<group>"; };
		AE1B4922163DC0DD00AB5AFE /* main.m */ = {isa = PBXFileReference; lastKnownFileType = sourcecode.c.objc; path = main.m; sourceTree = "<group>"; };
		AE1B4924163DC0DD00AB5AFE /* LiveDraw-Prefix.pch */ = {isa = PBXFileReference; lastKnownFileType = sourcecode.c.h; path = "LiveDraw-Prefix.pch"; sourceTree = "<group>"; };
		AE1B4925163DC0DD00AB5AFE /* LDAppDelegate.h */ = {isa = PBXFileReference; lastKnownFileType = sourcecode.c.h; path = LDAppDelegate.h; sourceTree = "<group>"; };
		AE1B4926163DC0DD00AB5AFE /* LDAppDelegate.m */ = {isa = PBXFileReference; lastKnownFileType = sourcecode.c.objc; path = LDAppDelegate.m; sourceTree = "<group>"; };
		AE1B4928163DC0DD00AB5AFE /* Default.png */ = {isa = PBXFileReference; lastKnownFileType = image.png; path = Default.png; sourceTree = "<group>"; };
		AE1B492A163DC0DD00AB5AFE /* Default@2x.png */ = {isa = PBXFileReference; lastKnownFileType = image.png; path = "Default@2x.png"; sourceTree = "<group>"; };
		AE1B492C163DC0DD00AB5AFE /* Default-568h@2x.png */ = {isa = PBXFileReference; lastKnownFileType = image.png; path = "Default-568h@2x.png"; sourceTree = "<group>"; };
		AE1B492F163DC0DD00AB5AFE /* en */ = {isa = PBXFileReference; lastKnownFileType = file.storyboard; name = en; path = en.lproj/MainStoryboard_iPhone.storyboard; sourceTree = "<group>"; };
		AE1B4932163DC0DD00AB5AFE /* en */ = {isa = PBXFileReference; lastKnownFileType = file.storyboard; name = en; path = en.lproj/MainStoryboard_iPad.storyboard; sourceTree = "<group>"; };
		AE1B4934163DC0DD00AB5AFE /* Shader.fsh */ = {isa = PBXFileReference; lastKnownFileType = sourcecode.glsl; name = Shader.fsh; path = Shaders/Shader.fsh; sourceTree = "<group>"; };
		AE1B4936163DC0DD00AB5AFE /* Shader.vsh */ = {isa = PBXFileReference; lastKnownFileType = sourcecode.glsl; name = Shader.vsh; path = Shaders/Shader.vsh; sourceTree = "<group>"; };
		AE1B4938163DC0DD00AB5AFE /* LDViewController.h */ = {isa = PBXFileReference; lastKnownFileType = sourcecode.c.h; path = LDViewController.h; sourceTree = "<group>"; };
		AE1B4939163DC0DD00AB5AFE /* LDViewController.m */ = {isa = PBXFileReference; lastKnownFileType = sourcecode.c.objc; path = LDViewController.m; sourceTree = "<group>"; };
		AE1B4940163DC0DD00AB5AFE /* LiveDrawTests.octest */ = {isa = PBXFileReference; explicitFileType = wrapper.cfbundle; includeInIndex = 0; name = LiveDrawTests.octest; path = LiveDrawTests.octest; sourceTree = BUILT_PRODUCTS_DIR; };
		AE1B4941163DC0DD00AB5AFE /* SenTestingKit.framework */ = {isa = PBXFileReference; lastKnownFileType = wrapper.framework; name = SenTestingKit.framework; path = Library/Frameworks/SenTestingKit.framework; sourceTree = DEVELOPER_DIR; };
		AE1B4949163DC0DD00AB5AFE /* LiveDrawTests-Info.plist */ = {isa = PBXFileReference; lastKnownFileType = text.plist.xml; path = "LiveDrawTests-Info.plist"; sourceTree = "<group>"; };
		AE1B494B163DC0DD00AB5AFE /* en */ = {isa = PBXFileReference; lastKnownFileType = text.plist.strings; name = en; path = en.lproj/InfoPlist.strings; sourceTree = "<group>"; };
		AE1B494D163DC0DD00AB5AFE /* LiveDrawTests.h */ = {isa = PBXFileReference; lastKnownFileType = sourcecode.c.h; path = LiveDrawTests.h; sourceTree = "<group>"; };
		AE1B494E163DC0DD00AB5AFE /* LiveDrawTests.m */ = {isa = PBXFileReference; lastKnownFileType = sourcecode.c.objc; path = LiveDrawTests.m; sourceTree = "<group>"; };
		FF84732AF609491DBF23EF77 /* Pods.xcconfig */ = {isa = PBXFileReference; includeInIndex = 1; lastKnownFileType = text.xcconfig; name = Pods.xcconfig; path = Pods/Pods.xcconfig; sourceTree = SOURCE_ROOT; };
/* End PBXFileReference section */

/* Begin PBXFrameworksBuildPhase section */
		AE1B490B163DC0DD00AB5AFE /* Frameworks */ = {
			isa = PBXFrameworksBuildPhase;
			buildActionMask = 2147483647;
			files = (
				AE1B4913163DC0DD00AB5AFE /* UIKit.framework in Frameworks */,
				AE1B4915163DC0DD00AB5AFE /* Foundation.framework in Frameworks */,
				AE1B4917163DC0DD00AB5AFE /* CoreGraphics.framework in Frameworks */,
				AE1B4919163DC0DD00AB5AFE /* GLKit.framework in Frameworks */,
				AE1B491B163DC0DD00AB5AFE /* OpenGLES.framework in Frameworks */,
				E8EDE3503C774F75B5667530 /* libPods.a in Frameworks */,
			);
			runOnlyForDeploymentPostprocessing = 0;
		};
		AE1B493C163DC0DD00AB5AFE /* Frameworks */ = {
			isa = PBXFrameworksBuildPhase;
			buildActionMask = 2147483647;
			files = (
				AE1B4942163DC0DD00AB5AFE /* SenTestingKit.framework in Frameworks */,
				AE1B4943163DC0DD00AB5AFE /* UIKit.framework in Frameworks */,
				AE1B4944163DC0DD00AB5AFE /* Foundation.framework in Frameworks */,
			);
			runOnlyForDeploymentPostprocessing = 0;
		};
/* End PBXFrameworksBuildPhase section */

/* Begin PBXGroup section */
		AE1B4903163DC0DD00AB5AFE = {
			isa = PBXGroup;
			children = (
				AE1B491C163DC0DD00AB5AFE /* LiveDraw */,
				AE1B4947163DC0DD00AB5AFE /* LiveDrawTests */,
				AE1B4911163DC0DD00AB5AFE /* Frameworks */,
				AE1B490F163DC0DD00AB5AFE /* Products */,
				FF84732AF609491DBF23EF77 /* Pods.xcconfig */,
			);
			sourceTree = "<group>";
		};
		AE1B490F163DC0DD00AB5AFE /* Products */ = {
			isa = PBXGroup;
			children = (
				AE1B490E163DC0DD00AB5AFE /* LiveDraw.app */,
				AE1B4940163DC0DD00AB5AFE /* LiveDrawTests.octest */,
			);
			name = Products;
			sourceTree = "<group>";
		};
		AE1B4911163DC0DD00AB5AFE /* Frameworks */ = {
			isa = PBXGroup;
			children = (
				AE1B4912163DC0DD00AB5AFE /* UIKit.framework */,
				AE1B4914163DC0DD00AB5AFE /* Foundation.framework */,
				AE1B4916163DC0DD00AB5AFE /* CoreGraphics.framework */,
				AE1B4918163DC0DD00AB5AFE /* GLKit.framework */,
				AE1B491A163DC0DD00AB5AFE /* OpenGLES.framework */,
				AE1B4941163DC0DD00AB5AFE /* SenTestingKit.framework */,
				98AAF073F67B493A8E895F85 /* libPods.a */,
			);
			name = Frameworks;
			sourceTree = "<group>";
		};
		AE1B491C163DC0DD00AB5AFE /* LiveDraw */ = {
			isa = PBXGroup;
			children = (
				AE1B4925163DC0DD00AB5AFE /* LDAppDelegate.h */,
				AE1B4926163DC0DD00AB5AFE /* LDAppDelegate.m */,
				AE1B492E163DC0DD00AB5AFE /* MainStoryboard_iPhone.storyboard */,
				AE1B4931163DC0DD00AB5AFE /* MainStoryboard_iPad.storyboard */,
				AE1B4934163DC0DD00AB5AFE /* Shader.fsh */,
				AE1B4936163DC0DD00AB5AFE /* Shader.vsh */,
				AE1B4938163DC0DD00AB5AFE /* LDViewController.h */,
				AE1B4939163DC0DD00AB5AFE /* LDViewController.m */,
				AE1B491D163DC0DD00AB5AFE /* Supporting Files */,
			);
			path = LiveDraw;
			sourceTree = "<group>";
		};
		AE1B491D163DC0DD00AB5AFE /* Supporting Files */ = {
			isa = PBXGroup;
			children = (
				AE1B491E163DC0DD00AB5AFE /* LiveDraw-Info.plist */,
				AE1B491F163DC0DD00AB5AFE /* InfoPlist.strings */,
				AE1B4922163DC0DD00AB5AFE /* main.m */,
				AE1B4924163DC0DD00AB5AFE /* LiveDraw-Prefix.pch */,
				AE1B4928163DC0DD00AB5AFE /* Default.png */,
				AE1B492A163DC0DD00AB5AFE /* Default@2x.png */,
				AE1B492C163DC0DD00AB5AFE /* Default-568h@2x.png */,
			);
			name = "Supporting Files";
			sourceTree = "<group>";
		};
		AE1B4947163DC0DD00AB5AFE /* LiveDrawTests */ = {
			isa = PBXGroup;
			children = (
				AE1B494D163DC0DD00AB5AFE /* LiveDrawTests.h */,
				AE1B494E163DC0DD00AB5AFE /* LiveDrawTests.m */,
				AE1B4948163DC0DD00AB5AFE /* Supporting Files */,
			);
			path = LiveDrawTests;
			sourceTree = "<group>";
		};
		AE1B4948163DC0DD00AB5AFE /* Supporting Files */ = {
			isa = PBXGroup;
			children = (
				AE1B4949163DC0DD00AB5AFE /* LiveDrawTests-Info.plist */,
				AE1B494A163DC0DD00AB5AFE /* InfoPlist.strings */,
			);
			name = "Supporting Files";
			sourceTree = "<group>";
		};
/* End PBXGroup section */

/* Begin PBXNativeTarget section */
		AE1B490D163DC0DD00AB5AFE /* LiveDraw */ = {
			isa = PBXNativeTarget;
			buildConfigurationList = AE1B4952163DC0DD00AB5AFE /* Build configuration list for PBXNativeTarget "LiveDraw" */;
			buildPhases = (
				AE1B490A163DC0DD00AB5AFE /* Sources */,
				AE1B490B163DC0DD00AB5AFE /* Frameworks */,
				AE1B490C163DC0DD00AB5AFE /* Resources */,
				03D3EA8EA89847188DF1891F /* Copy Pods Resources */,
			);
			buildRules = (
			);
			dependencies = (
			);
			name = LiveDraw;
			productName = LiveDraw;
			productReference = AE1B490E163DC0DD00AB5AFE /* LiveDraw.app */;
			productType = "com.apple.product-type.application";
		};
		AE1B493F163DC0DD00AB5AFE /* LiveDrawTests */ = {
			isa = PBXNativeTarget;
			buildConfigurationList = AE1B4955163DC0DD00AB5AFE /* Build configuration list for PBXNativeTarget "LiveDrawTests" */;
			buildPhases = (
				AE1B493B163DC0DD00AB5AFE /* Sources */,
				AE1B493C163DC0DD00AB5AFE /* Frameworks */,
				AE1B493D163DC0DD00AB5AFE /* Resources */,
				AE1B493E163DC0DD00AB5AFE /* ShellScript */,
			);
			buildRules = (
			);
			dependencies = (
				AE1B4946163DC0DD00AB5AFE /* PBXTargetDependency */,
			);
			name = LiveDrawTests;
			productName = LiveDrawTests;
			productReference = AE1B4940163DC0DD00AB5AFE /* LiveDrawTests.octest */;
			productType = "com.apple.product-type.bundle";
		};
/* End PBXNativeTarget section */

/* Begin PBXProject section */
		AE1B4905163DC0DD00AB5AFE /* Project object */ = {
			isa = PBXProject;
			attributes = {
				CLASSPREFIX = LD;
				LastUpgradeCheck = 0450;
				ORGANIZATIONNAME = "Phillip Cohen";
			};
			buildConfigurationList = AE1B4908163DC0DD00AB5AFE /* Build configuration list for PBXProject "LiveDraw" */;
			compatibilityVersion = "Xcode 3.2";
			developmentRegion = English;
			hasScannedForEncodings = 0;
			knownRegions = (
				en,
			);
			mainGroup = AE1B4903163DC0DD00AB5AFE;
			productRefGroup = AE1B490F163DC0DD00AB5AFE /* Products */;
			projectDirPath = "";
			projectRoot = "";
			targets = (
				AE1B490D163DC0DD00AB5AFE /* LiveDraw */,
				AE1B493F163DC0DD00AB5AFE /* LiveDrawTests */,
			);
		};
/* End PBXProject section */

/* Begin PBXResourcesBuildPhase section */
		AE1B490C163DC0DD00AB5AFE /* Resources */ = {
			isa = PBXResourcesBuildPhase;
			buildActionMask = 2147483647;
			files = (
				AE1B4921163DC0DD00AB5AFE /* InfoPlist.strings in Resources */,
				AE1B4929163DC0DD00AB5AFE /* Default.png in Resources */,
				AE1B492B163DC0DD00AB5AFE /* Default@2x.png in Resources */,
				AE1B492D163DC0DD00AB5AFE /* Default-568h@2x.png in Resources */,
				AE1B4930163DC0DD00AB5AFE /* MainStoryboard_iPhone.storyboard in Resources */,
				AE1B4933163DC0DD00AB5AFE /* MainStoryboard_iPad.storyboard in Resources */,
				AE1B4935163DC0DD00AB5AFE /* Shader.fsh in Resources */,
				AE1B4937163DC0DD00AB5AFE /* Shader.vsh in Resources */,
			);
			runOnlyForDeploymentPostprocessing = 0;
		};
		AE1B493D163DC0DD00AB5AFE /* Resources */ = {
			isa = PBXResourcesBuildPhase;
			buildActionMask = 2147483647;
			files = (
				AE1B494C163DC0DD00AB5AFE /* InfoPlist.strings in Resources */,
			);
			runOnlyForDeploymentPostprocessing = 0;
		};
/* End PBXResourcesBuildPhase section */

/* Begin PBXShellScriptBuildPhase section */
		03D3EA8EA89847188DF1891F /* Copy Pods Resources */ = {
			isa = PBXShellScriptBuildPhase;
			buildActionMask = 2147483647;
			files = (
			);
			inputPaths = (
			);
			name = "Copy Pods Resources";
			outputPaths = (
			);
			runOnlyForDeploymentPostprocessing = 0;
			shellPath = /bin/sh;
			shellScript = "\"${SRCROOT}/Pods/Pods-resources.sh\"\n";
		};
		AE1B493E163DC0DD00AB5AFE /* ShellScript */ = {
			isa = PBXShellScriptBuildPhase;
			buildActionMask = 2147483647;
			files = (
			);
			inputPaths = (
			);
			outputPaths = (
			);
			runOnlyForDeploymentPostprocessing = 0;
			shellPath = /bin/sh;
			shellScript = "# Run the unit tests in this test bundle.\n\"${SYSTEM_DEVELOPER_DIR}/Tools/RunUnitTests\"\n";
		};
/* End PBXShellScriptBuildPhase section */

/* Begin PBXSourcesBuildPhase section */
		AE1B490A163DC0DD00AB5AFE /* Sources */ = {
			isa = PBXSourcesBuildPhase;
			buildActionMask = 2147483647;
			files = (
				AE1B4923163DC0DD00AB5AFE /* main.m in Sources */,
				AE1B4927163DC0DD00AB5AFE /* LDAppDelegate.m in Sources */,
				AE1B493A163DC0DD00AB5AFE /* LDViewController.m in Sources */,
			);
			runOnlyForDeploymentPostprocessing = 0;
		};
		AE1B493B163DC0DD00AB5AFE /* Sources */ = {
			isa = PBXSourcesBuildPhase;
			buildActionMask = 2147483647;
			files = (
				AE1B494F163DC0DD00AB5AFE /* LiveDrawTests.m in Sources */,
			);
			runOnlyForDeploymentPostprocessing = 0;
		};
/* End PBXSourcesBuildPhase section */

/* Begin PBXTargetDependency section */
		AE1B4946163DC0DD00AB5AFE /* PBXTargetDependency */ = {
			isa = PBXTargetDependency;
			target = AE1B490D163DC0DD00AB5AFE /* LiveDraw */;
			targetProxy = AE1B4945163DC0DD00AB5AFE /* PBXContainerItemProxy */;
		};
/* End PBXTargetDependency section */

/* Begin PBXVariantGroup section */
		AE1B491F163DC0DD00AB5AFE /* InfoPlist.strings */ = {
			isa = PBXVariantGroup;
			children = (
				AE1B4920163DC0DD00AB5AFE /* en */,
			);
			name = InfoPlist.strings;
			sourceTree = "<group>";
		};
		AE1B492E163DC0DD00AB5AFE /* MainStoryboard_iPhone.storyboard */ = {
			isa = PBXVariantGroup;
			children = (
				AE1B492F163DC0DD00AB5AFE /* en */,
			);
			name = MainStoryboard_iPhone.storyboard;
			sourceTree = "<group>";
		};
		AE1B4931163DC0DD00AB5AFE /* MainStoryboard_iPad.storyboard */ = {
			isa = PBXVariantGroup;
			children = (
				AE1B4932163DC0DD00AB5AFE /* en */,
			);
			name = MainStoryboard_iPad.storyboard;
			sourceTree = "<group>";
		};
		AE1B494A163DC0DD00AB5AFE /* InfoPlist.strings */ = {
			isa = PBXVariantGroup;
			children = (
				AE1B494B163DC0DD00AB5AFE /* en */,
			);
			name = InfoPlist.strings;
			sourceTree = "<group>";
		};
/* End PBXVariantGroup section */

/* Begin XCBuildConfiguration section */
		AE1B4950163DC0DD00AB5AFE /* Debug */ = {
			isa = XCBuildConfiguration;
			buildSettings = {
				ALWAYS_SEARCH_USER_PATHS = NO;
				CLANG_CXX_LANGUAGE_STANDARD = "gnu++0x";
				CLANG_CXX_LIBRARY = "libc++";
				CLANG_ENABLE_OBJC_ARC = YES;
				CLANG_WARN_EMPTY_BODY = YES;
				CLANG_WARN__DUPLICATE_METHOD_MATCH = YES;
				"CODE_SIGN_IDENTITY[sdk=iphoneos*]" = "iPhone Developer";
				COPY_PHASE_STRIP = NO;
				GCC_C_LANGUAGE_STANDARD = gnu99;
				GCC_DYNAMIC_NO_PIC = NO;
				GCC_OPTIMIZATION_LEVEL = 0;
				GCC_PREPROCESSOR_DEFINITIONS = (
					"DEBUG=1",
					"$(inherited)",
				);
				GCC_SYMBOLS_PRIVATE_EXTERN = NO;
				GCC_WARN_ABOUT_RETURN_TYPE = YES;
				GCC_WARN_UNINITIALIZED_AUTOS = YES;
				GCC_WARN_UNUSED_VARIABLE = YES;
				IPHONEOS_DEPLOYMENT_TARGET = 6.0;
				ONLY_ACTIVE_ARCH = YES;
				SDKROOT = iphoneos;
				TARGETED_DEVICE_FAMILY = "1,2";
			};
			name = Debug;
		};
		AE1B4951163DC0DD00AB5AFE /* Release */ = {
			isa = XCBuildConfiguration;
			buildSettings = {
				ALWAYS_SEARCH_USER_PATHS = NO;
				CLANG_CXX_LANGUAGE_STANDARD = "gnu++0x";
				CLANG_CXX_LIBRARY = "libc++";
				CLANG_ENABLE_OBJC_ARC = YES;
				CLANG_WARN_EMPTY_BODY = YES;
				CLANG_WARN__DUPLICATE_METHOD_MATCH = YES;
				"CODE_SIGN_IDENTITY[sdk=iphoneos*]" = "iPhone Developer";
				COPY_PHASE_STRIP = YES;
				GCC_C_LANGUAGE_STANDARD = gnu99;
				GCC_WARN_ABOUT_RETURN_TYPE = YES;
				GCC_WARN_UNINITIALIZED_AUTOS = YES;
				GCC_WARN_UNUSED_VARIABLE = YES;
				IPHONEOS_DEPLOYMENT_TARGET = 6.0;
				OTHER_CFLAGS = "-DNS_BLOCK_ASSERTIONS=1";
				SDKROOT = iphoneos;
				TARGETED_DEVICE_FAMILY = "1,2";
				VALIDATE_PRODUCT = YES;
			};
			name = Release;
		};
		AE1B4953163DC0DD00AB5AFE /* Debug */ = {
			isa = XCBuildConfiguration;
			baseConfigurationReference = FF84732AF609491DBF23EF77 /* Pods.xcconfig */;
			buildSettings = {
				GCC_PRECOMPILE_PREFIX_HEADER = YES;
				GCC_PREFIX_HEADER = "LiveDraw/LiveDraw-Prefix.pch";
				INFOPLIST_FILE = "LiveDraw/LiveDraw-Info.plist";
				PRODUCT_NAME = "$(TARGET_NAME)";
				WRAPPER_EXTENSION = app;
			};
			name = Debug;
		};
		AE1B4954163DC0DD00AB5AFE /* Release */ = {
			isa = XCBuildConfiguration;
			baseConfigurationReference = FF84732AF609491DBF23EF77 /* Pods.xcconfig */;
			buildSettings = {
				GCC_PRECOMPILE_PREFIX_HEADER = YES;
				GCC_PREFIX_HEADER = "LiveDraw/LiveDraw-Prefix.pch";
				INFOPLIST_FILE = "LiveDraw/LiveDraw-Info.plist";
				PRODUCT_NAME = "$(TARGET_NAME)";
				WRAPPER_EXTENSION = app;
			};
			name = Release;
		};
		AE1B4956163DC0DD00AB5AFE /* Debug */ = {
			isa = XCBuildConfiguration;
			buildSettings = {
				BUNDLE_LOADER = "$(BUILT_PRODUCTS_DIR)/LiveDraw.app/LiveDraw";
				FRAMEWORK_SEARCH_PATHS = (
					"\"$(SDKROOT)/Developer/Library/Frameworks\"",
					"\"$(DEVELOPER_LIBRARY_DIR)/Frameworks\"",
				);
				GCC_PRECOMPILE_PREFIX_HEADER = YES;
				GCC_PREFIX_HEADER = "LiveDraw/LiveDraw-Prefix.pch";
				INFOPLIST_FILE = "LiveDrawTests/LiveDrawTests-Info.plist";
				PRODUCT_NAME = "$(TARGET_NAME)";
				TEST_HOST = "$(BUNDLE_LOADER)";
				WRAPPER_EXTENSION = octest;
			};
			name = Debug;
		};
		AE1B4957163DC0DD00AB5AFE /* Release */ = {
			isa = XCBuildConfiguration;
			buildSettings = {
				BUNDLE_LOADER = "$(BUILT_PRODUCTS_DIR)/LiveDraw.app/LiveDraw";
				FRAMEWORK_SEARCH_PATHS = (
					"\"$(SDKROOT)/Developer/Library/Frameworks\"",
					"\"$(DEVELOPER_LIBRARY_DIR)/Frameworks\"",
				);
				GCC_PRECOMPILE_PREFIX_HEADER = YES;
				GCC_PREFIX_HEADER = "LiveDraw/LiveDraw-Prefix.pch";
				INFOPLIST_FILE = "LiveDrawTests/LiveDrawTests-Info.plist";
				PRODUCT_NAME = "$(TARGET_NAME)";
				TEST_HOST = "$(BUNDLE_LOADER)";
				WRAPPER_EXTENSION = octest;
			};
			name = Release;
		};
/* End XCBuildConfiguration section */

/* Begin XCConfigurationList section */
		AE1B4908163DC0DD00AB5AFE /* Build configuration list for PBXProject "LiveDraw" */ = {
			isa = XCConfigurationList;
			buildConfigurations = (
				AE1B4950163DC0DD00AB5AFE /* Debug */,
				AE1B4951163DC0DD00AB5AFE /* Release */,
			);
			defaultConfigurationIsVisible = 0;
			defaultConfigurationName = Release;
		};
		AE1B4952163DC0DD00AB5AFE /* Build configuration list for PBXNativeTarget "LiveDraw" */ = {
			isa = XCConfigurationList;
			buildConfigurations = (
				AE1B4953163DC0DD00AB5AFE /* Debug */,
				AE1B4954163DC0DD00AB5AFE /* Release */,
			);
			defaultConfigurationIsVisible = 0;
		};
		AE1B4955163DC0DD00AB5AFE /* Build configuration list for PBXNativeTarget "LiveDrawTests" */ = {
			isa = XCConfigurationList;
			buildConfigurations = (
				AE1B4956163DC0DD00AB5AFE /* Debug */,
				AE1B4957163DC0DD00AB5AFE /* Release */,
			);
			defaultConfigurationIsVisible = 0;
		};
/* End XCConfigurationList section */
	};
	rootObject = AE1B4905163DC0DD00AB5AFE /* Project object */;
}
